
Microsoft Visual Studio Solution File, Format Version 12.00
# Visual Studio 15
VisualStudioVersion = 15.0.28307.271
MinimumVisualStudioVersion = 10.0.40219.1
Project("{FAE04EC0-301F-11D3-BF4B-00C04F79EFBC}") = "Ticktage", "Ticktage\Ticktage.csproj", "{F860F37B-7566-4604-AC1D-535AC20ABC79}"
EndProject
Global
	GlobalSection(SolutionConfigurationPlatforms) = preSolution
		Debug|Any CPU = Debug|Any CPU
		Release|Any CPU = Release|Any CPU
	EndGlobalSection
	GlobalSection(ProjectConfigurationPlatforms) = postSolution
		{F860F37B-7566-4604-AC1D-535AC20ABC79}.Debug|Any CPU.ActiveCfg = Debug|Any CPU
		{F860F37B-7566-4604-AC1D-535AC20ABC79}.Debug|Any CPU.Build.0 = Debug|Any CPU
		{F860F37B-7566-4604-AC1D-535AC20ABC79}.Release|Any CPU.ActiveCfg = Release|Any CPU
		{F860F37B-7566-4604-AC1D-535AC20ABC79}.Release|Any CPU.Build.0 = Release|Any CPU
	EndGlobalSection
	GlobalSection(SolutionProperties) = preSolution
		HideSolutionNode = FALSE
	EndGlobalSection
	GlobalSection(ExtensibilityGlobals) = postSolution
		SolutionGuid = {D3ABBF69-7098-44E6-BF9E-31578238900C}
	EndGlobalSection
EndGlobal
